
Microsoft Visual Studio Solution File, Format Version 12.00
# Visual Studio Version 17
VisualStudioVersion = 17.7.34024.191
MinimumVisualStudioVersion = 10.0.40219.1
Project("{FAE04EC0-301F-11D3-BF4B-00C04F79EFBC}") = "Lab3", "Lab3.csproj", "{D49678ED-FAB8-4B7A-B7D1-D3DF7F002606}"
EndProject
Global
	GlobalSection(SolutionConfigurationPlatforms) = preSolution
		Debug|Any CPU = Debug|Any CPU
		Release|Any CPU = Release|Any CPU
	EndGlobalSection
	GlobalSection(ProjectConfigurationPlatforms) = postSolution
		{D49678ED-FAB8-4B7A-B7D1-D3DF7F002606}.Debug|Any CPU.ActiveCfg = Debug|Any CPU
		{D49678ED-FAB8-4B7A-B7D1-D3DF7F002606}.Debug|Any CPU.Build.0 = Debug|Any CPU
		{D49678ED-FAB8-4B7A-B7D1-D3DF7F002606}.Release|Any CPU.ActiveCfg = Release|Any CPU
		{D49678ED-FAB8-4B7A-B7D1-D3DF7F002606}.Release|Any CPU.Build.0 = Release|Any CPU
	EndGlobalSection
	GlobalSection(SolutionProperties) = preSolution
		HideSolutionNode = FALSE
	EndGlobalSection
	GlobalSection(ExtensibilityGlobals) = postSolution
		SolutionGuid = {1687EC3A-F4AD-4B51-9F43-7A1FAFC1CDC5}
	EndGlobalSection
EndGlobal
